
Microsoft Visual Studio Solution File, Format Version 12.00
# Visual Studio Version 17
VisualStudioVersion = 17.14.36623.8 d17.14
MinimumVisualStudioVersion = 10.0.40219.1
Project("{FAE04EC0-301F-11D3-BF4B-00C04F79EFBC}") = "CadParcial2Lfms", "CadParcial2Lfms\CadParcial2Lfms.csproj", "{F45AA209-7365-4B1F-AE1D-1BD87EFEADD2}"
EndProject
Project("{FAE04EC0-301F-11D3-BF4B-00C04F79EFBC}") = "ClnParcial2Lfms", "ClnParcial2Lfms\ClnParcial2Lfms.csproj", "{5C7C7027-1786-447F-81BC-68B163C96B25}"
EndProject
Project("{FAE04EC0-301F-11D3-BF4B-00C04F79EFBC}") = "CpParcial2Lfms", "CpParcial2Lfms\CpParcial2Lfms.csproj", "{ABDC8D69-83FF-47F0-A693-CEDFBD682417}"
EndProject
Global
	GlobalSection(SolutionConfigurationPlatforms) = preSolution
		Debug|Any CPU = Debug|Any CPU
		Release|Any CPU = Release|Any CPU
	EndGlobalSection
	GlobalSection(ProjectConfigurationPlatforms) = postSolution
		{F45AA209-7365-4B1F-AE1D-1BD87EFEADD2}.Debug|Any CPU.ActiveCfg = Debug|Any CPU
		{F45AA209-7365-4B1F-AE1D-1BD87EFEADD2}.Debug|Any CPU.Build.0 = Debug|Any CPU
		{F45AA209-7365-4B1F-AE1D-1BD87EFEADD2}.Release|Any CPU.ActiveCfg = Release|Any CPU
		{F45AA209-7365-4B1F-AE1D-1BD87EFEADD2}.Release|Any CPU.Build.0 = Release|Any CPU
		{5C7C7027-1786-447F-81BC-68B163C96B25}.Debug|Any CPU.ActiveCfg = Debug|Any CPU
		{5C7C7027-1786-447F-81BC-68B163C96B25}.Debug|Any CPU.Build.0 = Debug|Any CPU
		{5C7C7027-1786-447F-81BC-68B163C96B25}.Release|Any CPU.ActiveCfg = Release|Any CPU
		{5C7C7027-1786-447F-81BC-68B163C96B25}.Release|Any CPU.Build.0 = Release|Any CPU
		{ABDC8D69-83FF-47F0-A693-CEDFBD682417}.Debug|Any CPU.ActiveCfg = Debug|Any CPU
		{ABDC8D69-83FF-47F0-A693-CEDFBD682417}.Debug|Any CPU.Build.0 = Debug|Any CPU
		{ABDC8D69-83FF-47F0-A693-CEDFBD682417}.Release|Any CPU.ActiveCfg = Release|Any CPU
		{ABDC8D69-83FF-47F0-A693-CEDFBD682417}.Release|Any CPU.Build.0 = Release|Any CPU
	EndGlobalSection
	GlobalSection(SolutionProperties) = preSolution
		HideSolutionNode = FALSE
	EndGlobalSection
	GlobalSection(ExtensibilityGlobals) = postSolution
		SolutionGuid = {872FB729-4C2C-40DD-9494-FD35B528639D}
	EndGlobalSection
EndGlobal
